{
  "version": 4,
  "terraform_version": "1.12.2",
  "serial": 1,
  "lineage": "3070cb00-f990-ba82-1852-ce666b8ce550",
  "outputs": {},
  "resources": [
    {
      "mode": "managed",
      "type": "hcloud_ssh_key",
      "name": "paco_ssh",
      "provider": "provider[\"registry.terraform.io/hetznercloud/hcloud\"]",
      "instances": [
        {
          "schema_version": 0,
          "attributes": {
            "fingerprint": "90:9e:64:52:57:1e:6f:82:8f:d5:5b:91:22:ae:83:32",
            "id": "29966761",
            "labels": {},
            "name": "paco_ssh",
            "public_key": "ssh-ed25519 AAAAC3NzaC1lZDI1NTE5AAAAIHZkDJB2r4olSy3PyXmcp++hHQM6LaOKfG9NvJbz0/fK pacol@HoPe"
          },
          "sensitive_attributes": [],
          "identity_schema_version": 0
        }
      ]
    }
  ],
  "check_results": null
}
